
Microsoft Visual Studio Solution File, Format Version 12.00
# Visual Studio 15
VisualStudioVersion = 15.0.27428.2037
MinimumVisualStudioVersion = 10.0.40219.1
Project("{FAE04EC0-301F-11D3-BF4B-00C04F79EFBC}") = "duplicatFileMainForm", "duplicateFileFinder\duplicatFileMainForm.csproj", "{91F9E075-C746-43E2-A81B-AA47EE3CA3CE}"
EndProject
Global
	GlobalSection(SolutionConfigurationPlatforms) = preSolution
		Debug|Any CPU = Debug|Any CPU
		Release|Any CPU = Release|Any CPU
	EndGlobalSection
	GlobalSection(ProjectConfigurationPlatforms) = postSolution
		{91F9E075-C746-43E2-A81B-AA47EE3CA3CE}.Debug|Any CPU.ActiveCfg = Debug|Any CPU
		{91F9E075-C746-43E2-A81B-AA47EE3CA3CE}.Debug|Any CPU.Build.0 = Debug|Any CPU
		{91F9E075-C746-43E2-A81B-AA47EE3CA3CE}.Release|Any CPU.ActiveCfg = Release|Any CPU
		{91F9E075-C746-43E2-A81B-AA47EE3CA3CE}.Release|Any CPU.Build.0 = Release|Any CPU
	EndGlobalSection
	GlobalSection(SolutionProperties) = preSolution
		HideSolutionNode = FALSE
	EndGlobalSection
	GlobalSection(ExtensibilityGlobals) = postSolution
		SolutionGuid = {958F96D8-357B-46CE-A542-DF936E59C9BD}
	EndGlobalSection
EndGlobal
